
Microsoft Visual Studio Solution File, Format Version 12.00
# Visual Studio 2012
Project("{FAE04EC0-301F-11D3-BF4B-00C04F79EFBC}") = "Bingo", "Bingo\Bingo.csproj", "{8CE7409B-9BE7-4A22-8838-2DD7369D1494}"
EndProject
Global
	GlobalSection(SolutionConfigurationPlatforms) = preSolution
		Debug|x86 = Debug|x86
		Release|x86 = Release|x86
	EndGlobalSection
	GlobalSection(ProjectConfigurationPlatforms) = postSolution
		{8CE7409B-9BE7-4A22-8838-2DD7369D1494}.Debug|x86.ActiveCfg = Debug|x86
		{8CE7409B-9BE7-4A22-8838-2DD7369D1494}.Debug|x86.Build.0 = Debug|x86
		{8CE7409B-9BE7-4A22-8838-2DD7369D1494}.Release|x86.ActiveCfg = Release|x86
		{8CE7409B-9BE7-4A22-8838-2DD7369D1494}.Release|x86.Build.0 = Release|x86
	EndGlobalSection
	GlobalSection(SolutionProperties) = preSolution
		HideSolutionNode = FALSE
	EndGlobalSection
EndGlobal
